
Microsoft Visual Studio Solution File, Format Version 12.00
# Visual Studio Version 16
VisualStudioVersion = 16.0.32407.337
MinimumVisualStudioVersion = 10.0.40219.1
Project("{FAE04EC0-301F-11D3-BF4B-00C04F79EFBC}") = "queue with array", "queue with array.csproj", "{9AC3BA1B-814B-41BC-8AD2-DE7C59F4F3F6}"
EndProject
Global
	GlobalSection(SolutionConfigurationPlatforms) = preSolution
		Debug|Any CPU = Debug|Any CPU
		Release|Any CPU = Release|Any CPU
	EndGlobalSection
	GlobalSection(ProjectConfigurationPlatforms) = postSolution
		{9AC3BA1B-814B-41BC-8AD2-DE7C59F4F3F6}.Debug|Any CPU.ActiveCfg = Debug|Any CPU
		{9AC3BA1B-814B-41BC-8AD2-DE7C59F4F3F6}.Debug|Any CPU.Build.0 = Debug|Any CPU
		{9AC3BA1B-814B-41BC-8AD2-DE7C59F4F3F6}.Release|Any CPU.ActiveCfg = Release|Any CPU
		{9AC3BA1B-814B-41BC-8AD2-DE7C59F4F3F6}.Release|Any CPU.Build.0 = Release|Any CPU
	EndGlobalSection
	GlobalSection(SolutionProperties) = preSolution
		HideSolutionNode = FALSE
	EndGlobalSection
	GlobalSection(ExtensibilityGlobals) = postSolution
		SolutionGuid = {15E90DC5-DDE2-419A-A589-AEC1F1065E1C}
	EndGlobalSection
EndGlobal
