
Microsoft Visual Studio Solution File, Format Version 12.00
# Visual Studio Version 16
VisualStudioVersion = 16.0.32407.337
MinimumVisualStudioVersion = 10.0.40219.1
Project("{FAE04EC0-301F-11D3-BF4B-00C04F79EFBC}") = "call center", "call center.csproj", "{03AB5841-6A7F-430F-83AF-91BD4C1C60DE}"
EndProject
Global
	GlobalSection(SolutionConfigurationPlatforms) = preSolution
		Debug|Any CPU = Debug|Any CPU
		Release|Any CPU = Release|Any CPU
	EndGlobalSection
	GlobalSection(ProjectConfigurationPlatforms) = postSolution
		{03AB5841-6A7F-430F-83AF-91BD4C1C60DE}.Debug|Any CPU.ActiveCfg = Debug|Any CPU
		{03AB5841-6A7F-430F-83AF-91BD4C1C60DE}.Debug|Any CPU.Build.0 = Debug|Any CPU
		{03AB5841-6A7F-430F-83AF-91BD4C1C60DE}.Release|Any CPU.ActiveCfg = Release|Any CPU
		{03AB5841-6A7F-430F-83AF-91BD4C1C60DE}.Release|Any CPU.Build.0 = Release|Any CPU
	EndGlobalSection
	GlobalSection(SolutionProperties) = preSolution
		HideSolutionNode = FALSE
	EndGlobalSection
	GlobalSection(ExtensibilityGlobals) = postSolution
		SolutionGuid = {C5992E8E-F833-40F0-A21E-CA74B51EDA1B}
	EndGlobalSection
EndGlobal
