
Microsoft Visual Studio Solution File, Format Version 12.00
# Visual Studio Version 16
VisualStudioVersion = 16.0.32407.337
MinimumVisualStudioVersion = 10.0.40219.1
Project("{FAE04EC0-301F-11D3-BF4B-00C04F79EFBC}") = "queue with array list", "queue with array list.csproj", "{0A90164A-B77C-4B04-AFDC-BB452875128A}"
EndProject
Global
	GlobalSection(SolutionConfigurationPlatforms) = preSolution
		Debug|Any CPU = Debug|Any CPU
		Release|Any CPU = Release|Any CPU
	EndGlobalSection
	GlobalSection(ProjectConfigurationPlatforms) = postSolution
		{0A90164A-B77C-4B04-AFDC-BB452875128A}.Debug|Any CPU.ActiveCfg = Debug|Any CPU
		{0A90164A-B77C-4B04-AFDC-BB452875128A}.Debug|Any CPU.Build.0 = Debug|Any CPU
		{0A90164A-B77C-4B04-AFDC-BB452875128A}.Release|Any CPU.ActiveCfg = Release|Any CPU
		{0A90164A-B77C-4B04-AFDC-BB452875128A}.Release|Any CPU.Build.0 = Release|Any CPU
	EndGlobalSection
	GlobalSection(SolutionProperties) = preSolution
		HideSolutionNode = FALSE
	EndGlobalSection
	GlobalSection(ExtensibilityGlobals) = postSolution
		SolutionGuid = {A7D428D5-6283-45E0-AE29-BCF22F771B50}
	EndGlobalSection
EndGlobal
