
Microsoft Visual Studio Solution File, Format Version 12.00
# Visual Studio Version 16
VisualStudioVersion = 16.0.32407.337
MinimumVisualStudioVersion = 10.0.40219.1
Project("{FAE04EC0-301F-11D3-BF4B-00C04F79EFBC}") = "B+ tree", "B+ tree.csproj", "{3645AE90-616F-4399-B3C4-420D38D9EB81}"
EndProject
Global
	GlobalSection(SolutionConfigurationPlatforms) = preSolution
		Debug|Any CPU = Debug|Any CPU
		Release|Any CPU = Release|Any CPU
	EndGlobalSection
	GlobalSection(ProjectConfigurationPlatforms) = postSolution
		{3645AE90-616F-4399-B3C4-420D38D9EB81}.Debug|Any CPU.ActiveCfg = Debug|Any CPU
		{3645AE90-616F-4399-B3C4-420D38D9EB81}.Debug|Any CPU.Build.0 = Debug|Any CPU
		{3645AE90-616F-4399-B3C4-420D38D9EB81}.Release|Any CPU.ActiveCfg = Release|Any CPU
		{3645AE90-616F-4399-B3C4-420D38D9EB81}.Release|Any CPU.Build.0 = Release|Any CPU
	EndGlobalSection
	GlobalSection(SolutionProperties) = preSolution
		HideSolutionNode = FALSE
	EndGlobalSection
	GlobalSection(ExtensibilityGlobals) = postSolution
		SolutionGuid = {C6ADD09D-AF5E-42C4-9A86-3B3E5E528819}
	EndGlobalSection
EndGlobal
